{
  "nodes": {
    "nixpkgs": {
      "locked": {
        "lastModified": 1626475604,
        "narHash": "sha256-81hpANDfUIoHY92H+gTjx3avZ2JeJRk1IietkvO1fj4=",
        "owner": "NixOS",
        "repo": "nixpkgs",
        "rev": "8d3b6e10f19d75cdc8b4367b3321370e76641145",
        "type": "github"
      },
      "original": {
        "id": "nixpkgs",
        "type": "indirect"
      }
    },
    "root": {
      "inputs": {
        "nixpkgs": "nixpkgs"
      }
    }
  },
  "root": "root",
  "version": 7
}
