{
  "nodes": {
    "nixpkgs": {
      "locked": {
        "lastModified": 1626738108,
        "narHash": "sha256-k5KLmdjv8FXuhC0jO/VkolOi+PoDP+8c8FkG6gph7bE=",
        "owner": "NixOS",
        "repo": "nixpkgs",
        "rev": "51f6c77e0c0d295f166e8839c833c8df28e95ae7",
        "type": "github"
      },
      "original": {
        "id": "nixpkgs",
        "type": "indirect"
      }
    },
    "root": {
      "inputs": {
        "nixpkgs": "nixpkgs"
      }
    }
  },
  "root": "root",
  "version": 7
}
